// !$*UTF8*$!
{
	archiveVersion = 1;
	classes = {
	};
	objectVersion = 50;
	objects = {

/* Begin PBXBuildFile section */
		08AC24C4268D6D3800425EEC /* AppDelegate.swift in Sources */ = {isa = PBXBuildFile; fileRef = 08AC24C3268D6D3800425EEC /* AppDelegate.swift */; };
		08AC24C6268D6D3800425EEC /* SceneDelegate.swift in Sources */ = {isa = PBXBuildFile; fileRef = 08AC24C5268D6D3800425EEC /* SceneDelegate.swift */; };
		08AC24C8268D6D3800425EEC /* ViewController.swift in Sources */ = {isa = PBXBuildFile; fileRef = 08AC24C7268D6D3800425EEC /* ViewController.swift */; };
		08AC24CB268D6D3800425EEC /* Main.storyboard in Resources */ = {isa = PBXBuildFile; fileRef = 08AC24C9268D6D3800425EEC /* Main.storyboard */; };
		08AC24CD268D6D3C00425EEC /* Assets.xcassets in Resources */ = {isa = PBXBuildFile; fileRef = 08AC24CC268D6D3C00425EEC /* Assets.xcassets */; };
		08AC24D0268D6D3C00425EEC /* LaunchScreen.storyboard in Resources */ = {isa = PBXBuildFile; fileRef = 08AC24CE268D6D3C00425EEC /* LaunchScreen.storyboard */; };
		08AC24D9268D6E5400425EEC /* InfoPlist.strings in Resources */ = {isa = PBXBuildFile; fileRef = 08AC24DB268D6E5400425EEC /* InfoPlist.strings */; };
/* End PBXBuildFile section */

/* Begin PBXFileReference section */
		08AC24C0268D6D3800425EEC /* LocalizationsDemo.app */ = {isa = PBXFileReference; explicitFileType = wrapper.application; includeInIndex = 0; path = LocalizationsDemo.app; sourceTree = BUILT_PRODUCTS_DIR; };
		08AC24C3268D6D3800425EEC /* AppDelegate.swift */ = {isa = PBXFileReference; lastKnownFileType = sourcecode.swift; path = AppDelegate.swift; sourceTree = "<group>"; };
		08AC24C5268D6D3800425EEC /* SceneDelegate.swift */ = {isa = PBXFileReference; lastKnownFileType = sourcecode.swift; path = SceneDelegate.swift; sourceTree = "<group>"; };
		08AC24C7268D6D3800425EEC /* ViewController.swift */ = {isa = PBXFileReference; lastKnownFileType = sourcecode.swift; path = ViewController.swift; sourceTree = "<group>"; };
		08AC24CA268D6D3800425EEC /* Base */ = {isa = PBXFileReference; lastKnownFileType = file.storyboard; name = Base; path = Base.lproj/Main.storyboard; sourceTree = "<group>"; };
		08AC24CC268D6D3C00425EEC /* Assets.xcassets */ = {isa = PBXFileReference; lastKnownFileType = folder.assetcatalog; path = Assets.xcassets; sourceTree = "<group>"; };
		08AC24CF268D6D3C00425EEC /* Base */ = {isa = PBXFileReference; lastKnownFileType = file.storyboard; name = Base; path = Base.lproj/LaunchScreen.storyboard; sourceTree = "<group>"; };
		08AC24D1268D6D3C00425EEC /* Info.plist */ = {isa = PBXFileReference; lastKnownFileType = text.plist.xml; path = Info.plist; sourceTree = "<group>"; };
		08AC24DA268D6E5400425EEC /* zh-Hans */ = {isa = PBXFileReference; lastKnownFileType = text.plist.strings; name = "zh-Hans"; path = "zh-Hans.lproj/InfoPlist.strings"; sourceTree = "<group>"; };
		08AC24DC268D6E5A00425EEC /* en */ = {isa = PBXFileReference; lastKnownFileType = text.plist.strings; name = en; path = en.lproj/InfoPlist.strings; sourceTree = "<group>"; };
		08AC24E0268D6FC800425EEC /* en */ = {isa = PBXFileReference; lastKnownFileType = text.plist.strings; name = en; path = en.lproj/Main.strings; sourceTree = "<group>"; };
		08AC24E2268D70D800425EEC /* zh-Hans */ = {isa = PBXFileReference; lastKnownFileType = text.plist.strings; name = "zh-Hans"; path = "zh-Hans.lproj/Main.strings"; sourceTree = "<group>"; };
/* End PBXFileReference section */

/* Begin PBXFrameworksBuildPhase section */
		08AC24BD268D6D3800425EEC /* Frameworks */ = {
			isa = PBXFrameworksBuildPhase;
			buildActionMask = 2147483647;
			files = (
			);
			runOnlyForDeploymentPostprocessing = 0;
		};
/* End PBXFrameworksBuildPhase section */

/* Begin PBXGroup section */
		08AC24B7268D6D3800425EEC = {
			isa = PBXGroup;
			children = (
				08AC24C2268D6D3800425EEC /* LocalizationsDemo */,
				08AC24C1268D6D3800425EEC /* Products */,
			);
			sourceTree = "<group>";
		};
		08AC24C1268D6D3800425EEC /* Products */ = {
			isa = PBXGroup;
			children = (
				08AC24C0268D6D3800425EEC /* LocalizationsDemo.app */,
			);
			name = Products;
			sourceTree = "<group>";
		};
		08AC24C2268D6D3800425EEC /* LocalizationsDemo */ = {
			isa = PBXGroup;
			children = (
				08AC24C3268D6D3800425EEC /* AppDelegate.swift */,
				08AC24C5268D6D3800425EEC /* SceneDelegate.swift */,
				08AC24C7268D6D3800425EEC /* ViewController.swift */,
				08AC24C9268D6D3800425EEC /* Main.storyboard */,
				08AC24CC268D6D3C00425EEC /* Assets.xcassets */,
				08AC24CE268D6D3C00425EEC /* LaunchScreen.storyboard */,
				08AC24D1268D6D3C00425EEC /* Info.plist */,
				08AC24DB268D6E5400425EEC /* InfoPlist.strings */,
			);
			path = LocalizationsDemo;
			sourceTree = "<group>";
		};
/* End PBXGroup section */

/* Begin PBXNativeTarget section */
		08AC24BF268D6D3800425EEC /* LocalizationsDemo */ = {
			isa = PBXNativeTarget;
			buildConfigurationList = 08AC24D4268D6D3C00425EEC /* Build configuration list for PBXNativeTarget "LocalizationsDemo" */;
			buildPhases = (
				08AC24BC268D6D3800425EEC /* Sources */,
				08AC24BD268D6D3800425EEC /* Frameworks */,
				08AC24BE268D6D3800425EEC /* Resources */,
			);
			buildRules = (
			);
			dependencies = (
			);
			name = LocalizationsDemo;
			productName = LocalizationsDemo;
			productReference = 08AC24C0268D6D3800425EEC /* LocalizationsDemo.app */;
			productType = "com.apple.product-type.application";
		};
/* End PBXNativeTarget section */

/* Begin PBXProject section */
		08AC24B8268D6D3800425EEC /* Project object */ = {
			isa = PBXProject;
			attributes = {
				LastSwiftUpdateCheck = 1250;
				LastUpgradeCheck = 1250;
				TargetAttributes = {
					08AC24BF268D6D3800425EEC = {
						CreatedOnToolsVersion = 12.5.1;
					};
				};
			};
			buildConfigurationList = 08AC24BB268D6D3800425EEC /* Build configuration list for PBXProject "LocalizationsDemo" */;
			compatibilityVersion = "Xcode 9.3";
			developmentRegion = "zh-Hans";
			hasScannedForEncodings = 0;
			knownRegions = (
				"zh-Hans",
				en,
				Base,
			);
			mainGroup = 08AC24B7268D6D3800425EEC;
			productRefGroup = 08AC24C1268D6D3800425EEC /* Products */;
			projectDirPath = "";
			projectRoot = "";
			targets = (
				08AC24BF268D6D3800425EEC /* LocalizationsDemo */,
			);
		};
/* End PBXProject section */

/* Begin PBXResourcesBuildPhase section */
		08AC24BE268D6D3800425EEC /* Resources */ = {
			isa = PBXResourcesBuildPhase;
			buildActionMask = 2147483647;
			files = (
				08AC24D0268D6D3C00425EEC /* LaunchScreen.storyboard in Resources */,
				08AC24D9268D6E5400425EEC /* InfoPlist.strings in Resources */,
				08AC24CD268D6D3C00425EEC /* Assets.xcassets in Resources */,
				08AC24CB268D6D3800425EEC /* Main.storyboard in Resources */,
			);
			runOnlyForDeploymentPostprocessing = 0;
		};
/* End PBXResourcesBuildPhase section */

/* Begin PBXSourcesBuildPhase section */
		08AC24BC268D6D3800425EEC /* Sources */ = {
			isa = PBXSourcesBuildPhase;
			buildActionMask = 2147483647;
			files = (
				08AC24C8268D6D3800425EEC /* ViewController.swift in Sources */,
				08AC24C4268D6D3800425EEC /* AppDelegate.swift in Sources */,
				08AC24C6268D6D3800425EEC /* SceneDelegate.swift in Sources */,
			);
			runOnlyForDeploymentPostprocessing = 0;
		};
/* End PBXSourcesBuildPhase section */

/* Begin PBXVariantGroup section */
		08AC24C9268D6D3800425EEC /* Main.storyboard */ = {
			isa = PBXVariantGroup;
			children = (
				08AC24CA268D6D3800425EEC /* Base */,
				08AC24E0268D6FC800425EEC /* en */,
				08AC24E2268D70D800425EEC /* zh-Hans */,
			);
			name = Main.storyboard;
			sourceTree = "<group>";
		};
		08AC24CE268D6D3C00425EEC /* LaunchScreen.storyboard */ = {
			isa = PBXVariantGroup;
			children = (
				08AC24CF268D6D3C00425EEC /* Base */,
			);
			name = LaunchScreen.storyboard;
			sourceTree = "<group>";
		};
		08AC24DB268D6E5400425EEC /* InfoPlist.strings */ = {
			isa = PBXVariantGroup;
			children = (
				08AC24DA268D6E5400425EEC /* zh-Hans */,
				08AC24DC268D6E5A00425EEC /* en */,
			);
			name = InfoPlist.strings;
			sourceTree = "<group>";
		};
/* End PBXVariantGroup section */

/* Begin XCBuildConfiguration section */
		08AC24D2268D6D3C00425EEC /* Debug */ = {
			isa = XCBuildConfiguration;
			buildSettings = {
				ALWAYS_SEARCH_USER_PATHS = NO;
				CLANG_ANALYZER_NONNULL = YES;
				CLANG_ANALYZER_NUMBER_OBJECT_CONVERSION = YES_AGGRESSIVE;
				CLANG_CXX_LANGUAGE_STANDARD = "gnu++14";
				CLANG_CXX_LIBRARY = "libc++";
				CLANG_ENABLE_MODULES = YES;
				CLANG_ENABLE_OBJC_ARC = YES;
				CLANG_ENABLE_OBJC_WEAK = YES;
				CLANG_WARN_BLOCK_CAPTURE_AUTORELEASING = YES;
				CLANG_WARN_BOOL_CONVERSION = YES;
				CLANG_WARN_COMMA = YES;
				CLANG_WARN_CONSTANT_CONVERSION = YES;
				CLANG_WARN_DEPRECATED_OBJC_IMPLEMENTATIONS = YES;
				CLANG_WARN_DIRECT_OBJC_ISA_USAGE = YES_ERROR;
				CLANG_WARN_DOCUMENTATION_COMMENTS = YES;
				CLANG_WARN_EMPTY_BODY = YES;
				CLANG_WARN_ENUM_CONVERSION = YES;
				CLANG_WARN_INFINITE_RECURSION = YES;
				CLANG_WARN_INT_CONVERSION = YES;
				CLANG_WARN_NON_LITERAL_NULL_CONVERSION = YES;
				CLANG_WARN_OBJC_IMPLICIT_RETAIN_SELF = YES;
				CLANG_WARN_OBJC_LITERAL_CONVERSION = YES;
				CLANG_WARN_OBJC_ROOT_CLASS = YES_ERROR;
				CLANG_WARN_QUOTED_INCLUDE_IN_FRAMEWORK_HEADER = YES;
				CLANG_WARN_RANGE_LOOP_ANALYSIS = YES;
				CLANG_WARN_STRICT_PROTOTYPES = YES;
				CLANG_WARN_SUSPICIOUS_MOVE = YES;
				CLANG_WARN_UNGUARDED_AVAILABILITY = YES_AGGRESSIVE;
				CLANG_WARN_UNREACHABLE_CODE = YES;
				CLANG_WARN__DUPLICATE_METHOD_MATCH = YES;
				COPY_PHASE_STRIP = NO;
				DEBUG_INFORMATION_FORMAT = dwarf;
				ENABLE_STRICT_OBJC_MSGSEND = YES;
				ENABLE_TESTABILITY = YES;
				GCC_C_LANGUAGE_STANDARD = gnu11;
				GCC_DYNAMIC_NO_PIC = NO;
				GCC_NO_COMMON_BLOCKS = YES;
				GCC_OPTIMIZATION_LEVEL = 0;
				GCC_PREPROCESSOR_DEFINITIONS = (
					"DEBUG=1",
					"$(inherited)",
				);
				GCC_WARN_64_TO_32_BIT_CONVERSION = YES;
				GCC_WARN_ABOUT_RETURN_TYPE = YES_ERROR;
				GCC_WARN_UNDECLARED_SELECTOR = YES;
				GCC_WARN_UNINITIALIZED_AUTOS = YES_AGGRESSIVE;
				GCC_WARN_UNUSED_FUNCTION = YES;
				GCC_WARN_UNUSED_VARIABLE = YES;
				IPHONEOS_DEPLOYMENT_TARGET = 14.5;
				MTL_ENABLE_DEBUG_INFO = INCLUDE_SOURCE;
				MTL_FAST_MATH = YES;
				ONLY_ACTIVE_ARCH = YES;
				SDKROOT = iphoneos;
				SWIFT_ACTIVE_COMPILATION_CONDITIONS = DEBUG;
				SWIFT_OPTIMIZATION_LEVEL = "-Onone";
			};
			name = Debug;
		};
		08AC24D3268D6D3C00425EEC /* Release */ = {
			isa = XCBuildConfiguration;
			buildSettings = {
				ALWAYS_SEARCH_USER_PATHS = NO;
				CLANG_ANALYZER_NONNULL = YES;
				CLANG_ANALYZER_NUMBER_OBJECT_CONVERSION = YES_AGGRESSIVE;
				CLANG_CXX_LANGUAGE_STANDARD = "gnu++14";
				CLANG_CXX_LIBRARY = "libc++";
				CLANG_ENABLE_MODULES = YES;
				CLANG_ENABLE_OBJC_ARC = YES;
				CLANG_ENABLE_OBJC_WEAK = YES;
				CLANG_WARN_BLOCK_CAPTURE_AUTORELEASING = YES;
				CLANG_WARN_BOOL_CONVERSION = YES;
				CLANG_WARN_COMMA = YES;
				CLANG_WARN_CONSTANT_CONVERSION = YES;
				CLANG_WARN_DEPRECATED_OBJC_IMPLEMENTATIONS = YES;
				CLANG_WARN_DIRECT_OBJC_ISA_USAGE = YES_ERROR;
				CLANG_WARN_DOCUMENTATION_COMMENTS = YES;
				CLANG_WARN_EMPTY_BODY = YES;
				CLANG_WARN_ENUM_CONVERSION = YES;
				CLANG_WARN_INFINITE_RECURSION = YES;
				CLANG_WARN_INT_CONVERSION = YES;
				CLANG_WARN_NON_LITERAL_NULL_CONVERSION = YES;
				CLANG_WARN_OBJC_IMPLICIT_RETAIN_SELF = YES;
				CLANG_WARN_OBJC_LITERAL_CONVERSION = YES;
				CLANG_WARN_OBJC_ROOT_CLASS = YES_ERROR;
				CLANG_WARN_QUOTED_INCLUDE_IN_FRAMEWORK_HEADER = YES;
				CLANG_WARN_RANGE_LOOP_ANALYSIS = YES;
				CLANG_WARN_STRICT_PROTOTYPES = YES;
				CLANG_WARN_SUSPICIOUS_MOVE = YES;
				CLANG_WARN_UNGUARDED_AVAILABILITY = YES_AGGRESSIVE;
				CLANG_WARN_UNREACHABLE_CODE = YES;
				CLANG_WARN__DUPLICATE_METHOD_MATCH = YES;
				COPY_PHASE_STRIP = NO;
				DEBUG_INFORMATION_FORMAT = "dwarf-with-dsym";
				ENABLE_NS_ASSERTIONS = NO;
				ENABLE_STRICT_OBJC_MSGSEND = YES;
				GCC_C_LANGUAGE_STANDARD = gnu11;
				GCC_NO_COMMON_BLOCKS = YES;
				GCC_WARN_64_TO_32_BIT_CONVERSION = YES;
				GCC_WARN_ABOUT_RETURN_TYPE = YES_ERROR;
				GCC_WARN_UNDECLARED_SELECTOR = YES;
				GCC_WARN_UNINITIALIZED_AUTOS = YES_AGGRESSIVE;
				GCC_WARN_UNUSED_FUNCTION = YES;
				GCC_WARN_UNUSED_VARIABLE = YES;
				IPHONEOS_DEPLOYMENT_TARGET = 14.5;
				MTL_ENABLE_DEBUG_INFO = NO;
				MTL_FAST_MATH = YES;
				SDKROOT = iphoneos;
				SWIFT_COMPILATION_MODE = wholemodule;
				SWIFT_OPTIMIZATION_LEVEL = "-O";
				VALIDATE_PRODUCT = YES;
			};
			name = Release;
		};
		08AC24D5268D6D3C00425EEC /* Debug */ = {
			isa = XCBuildConfiguration;
			buildSettings = {
				ASSETCATALOG_COMPILER_APPICON_NAME = AppIcon;
				ASSETCATALOG_COMPILER_GLOBAL_ACCENT_COLOR_NAME = AccentColor;
				CODE_SIGN_STYLE = Automatic;
				DEVELOPMENT_TEAM = "";
				INFOPLIST_FILE = LocalizationsDemo/Info.plist;
				LD_RUNPATH_SEARCH_PATHS = (
					"$(inherited)",
					"@executable_path/Frameworks",
				);
				PRODUCT_BUNDLE_IDENTIFIER = com.iosdevlog.LocalizationsDemo;
				PRODUCT_NAME = "$(TARGET_NAME)";
				SWIFT_VERSION = 5.0;
				TARGETED_DEVICE_FAMILY = "1,2";
			};
			name = Debug;
		};
		08AC24D6268D6D3C00425EEC /* Release */ = {
			isa = XCBuildConfiguration;
			buildSettings = {
				ASSETCATALOG_COMPILER_APPICON_NAME = AppIcon;
				ASSETCATALOG_COMPILER_GLOBAL_ACCENT_COLOR_NAME = AccentColor;
				CODE_SIGN_STYLE = Automatic;
				DEVELOPMENT_TEAM = "";
				INFOPLIST_FILE = LocalizationsDemo/Info.plist;
				LD_RUNPATH_SEARCH_PATHS = (
					"$(inherited)",
					"@executable_path/Frameworks",
				);
				PRODUCT_BUNDLE_IDENTIFIER = com.iosdevlog.LocalizationsDemo;
				PRODUCT_NAME = "$(TARGET_NAME)";
				SWIFT_VERSION = 5.0;
				TARGETED_DEVICE_FAMILY = "1,2";
			};
			name = Release;
		};
/* End XCBuildConfiguration section */

/* Begin XCConfigurationList section */
		08AC24BB268D6D3800425EEC /* Build configuration list for PBXProject "LocalizationsDemo" */ = {
			isa = XCConfigurationList;
			buildConfigurations = (
				08AC24D2268D6D3C00425EEC /* Debug */,
				08AC24D3268D6D3C00425EEC /* Release */,
			);
			defaultConfigurationIsVisible = 0;
			defaultConfigurationName = Release;
		};
		08AC24D4268D6D3C00425EEC /* Build configuration list for PBXNativeTarget "LocalizationsDemo" */ = {
			isa = XCConfigurationList;
			buildConfigurations = (
				08AC24D5268D6D3C00425EEC /* Debug */,
				08AC24D6268D6D3C00425EEC /* Release */,
			);
			defaultConfigurationIsVisible = 0;
			defaultConfigurationName = Release;
		};
/* End XCConfigurationList section */
	};
	rootObject = 08AC24B8268D6D3800425EEC /* Project object */;
}
